
Microsoft Visual Studio Solution File, Format Version 12.00
# Visual Studio Version 17
VisualStudioVersion = 17.0.31903.59
MinimumVisualStudioVersion = 10.0.40219.1
Project("{8BC9CEB8-8B4A-11D0-8D11-00A0C91BC942}") = "Lec04_SmartHome", "Lec04_SmartHome.vcxproj", "{118F9715-44B8-4F6F-89BA-7366A63D0894}"
EndProject
Global
	GlobalSection(SolutionConfigurationPlatforms) = preSolution
		Debug|x64 = Debug|x64
		Release|x64 = Release|x64
	EndGlobalSection
	GlobalSection(ProjectConfigurationPlatforms) = postSolution
		{118F9715-44B8-4F6F-89BA-7366A63D0894}.Debug|x64.ActiveCfg = Debug|x64
		{118F9715-44B8-4F6F-89BA-7366A63D0894}.Debug|x64.Build.0 = Debug|x64
		{118F9715-44B8-4F6F-89BA-7366A63D0894}.Release|x64.ActiveCfg = Release|x64
		{118F9715-44B8-4F6F-89BA-7366A63D0894}.Release|x64.Build.0 = Release|x64
	EndGlobalSection
EndGlobal
