
Microsoft Visual Studio Solution File, Format Version 12.00
# Visual Studio Version 17
VisualStudioVersion = 17.0.31903.59
MinimumVisualStudioVersion = 10.0.40219.1
Project("{8BC9CEB8-8B4A-11D0-8D11-00A0C91BC942}") = "Lec10_MazeDFS", "Lec10_MazeDFS.vcxproj", "{83C48D2A-E8E1-4542-9C13-C1EA080F882B}"
EndProject
Global
	GlobalSection(SolutionConfigurationPlatforms) = preSolution
		Debug|x64 = Debug|x64
		Release|x64 = Release|x64
	EndGlobalSection
	GlobalSection(ProjectConfigurationPlatforms) = postSolution
		{83C48D2A-E8E1-4542-9C13-C1EA080F882B}.Debug|x64.ActiveCfg = Debug|x64
		{83C48D2A-E8E1-4542-9C13-C1EA080F882B}.Debug|x64.Build.0 = Debug|x64
		{83C48D2A-E8E1-4542-9C13-C1EA080F882B}.Release|x64.ActiveCfg = Release|x64
		{83C48D2A-E8E1-4542-9C13-C1EA080F882B}.Release|x64.Build.0 = Release|x64
	EndGlobalSection
EndGlobal
